
Microsoft Visual Studio Solution File, Format Version 12.00
# Visual Studio Version 17
VisualStudioVersion = 17.3.32804.467
MinimumVisualStudioVersion = 10.0.40219.1
Project("{9A19103F-16F7-4668-BE54-9A1E7A4F7556}") = "CodeTextBuilder", "CodeTextBuilder.csproj", "{A36F9670-D80A-4B09-8E9D-9454B50AB6EC}"
EndProject
Global
	GlobalSection(SolutionConfigurationPlatforms) = preSolution
		Debug|Any CPU = Debug|Any CPU
		Release|Any CPU = Release|Any CPU
	EndGlobalSection
	GlobalSection(ProjectConfigurationPlatforms) = postSolution
		{A36F9670-D80A-4B09-8E9D-9454B50AB6EC}.Debug|Any CPU.ActiveCfg = Debug|Any CPU
		{A36F9670-D80A-4B09-8E9D-9454B50AB6EC}.Debug|Any CPU.Build.0 = Debug|Any CPU
		{A36F9670-D80A-4B09-8E9D-9454B50AB6EC}.Release|Any CPU.ActiveCfg = Release|Any CPU
		{A36F9670-D80A-4B09-8E9D-9454B50AB6EC}.Release|Any CPU.Build.0 = Release|Any CPU
	EndGlobalSection
	GlobalSection(SolutionProperties) = preSolution
		HideSolutionNode = FALSE
	EndGlobalSection
	GlobalSection(ExtensibilityGlobals) = postSolution
		SolutionGuid = {8BAA11C4-71B3-45DE-940F-BAA26B102232}
	EndGlobalSection
EndGlobal
